
Microsoft Visual Studio Solution File, Format Version 12.00
# Visual Studio Version 17
VisualStudioVersion = 17.0.31611.283
MinimumVisualStudioVersion = 10.0.40219.1
Project("{9A19103F-16F7-4668-BE54-9A1E7A4F7556}") = "GP3.Common", "GP3.Common\GP3.Common.csproj", "{47160189-F61E-4952-B07E-BA4280199CC5}"
EndProject
Project("{9A19103F-16F7-4668-BE54-9A1E7A4F7556}") = "GP3.Scraper", "GP3.Scraper\GP3.Scraper.csproj", "{F98D27EB-07EE-40F7-B513-663E581271CD}"
EndProject
Project("{9A19103F-16F7-4668-BE54-9A1E7A4F7556}") = "GP3.Client", "GP3.Client\GP3.Client.csproj", "{385B1829-EB92-4999-AE4E-A8602E926CA9}"
EndProject
Project("{9A19103F-16F7-4668-BE54-9A1E7A4F7556}") = "GP3.Funcs", "GP3.Funcs\GP3.Funcs.csproj", "{A9729BB8-EB53-46B7-BF67-3958A3A84E81}"
EndProject
Global
	GlobalSection(SolutionConfigurationPlatforms) = preSolution
		Debug|Any CPU = Debug|Any CPU
		Release|Any CPU = Release|Any CPU
	EndGlobalSection
	GlobalSection(ProjectConfigurationPlatforms) = postSolution
		{47160189-F61E-4952-B07E-BA4280199CC5}.Debug|Any CPU.ActiveCfg = Debug|Any CPU
		{47160189-F61E-4952-B07E-BA4280199CC5}.Debug|Any CPU.Build.0 = Debug|Any CPU
		{47160189-F61E-4952-B07E-BA4280199CC5}.Release|Any CPU.ActiveCfg = Release|Any CPU
		{47160189-F61E-4952-B07E-BA4280199CC5}.Release|Any CPU.Build.0 = Release|Any CPU
		{F98D27EB-07EE-40F7-B513-663E581271CD}.Debug|Any CPU.ActiveCfg = Debug|Any CPU
		{F98D27EB-07EE-40F7-B513-663E581271CD}.Debug|Any CPU.Build.0 = Debug|Any CPU
		{F98D27EB-07EE-40F7-B513-663E581271CD}.Release|Any CPU.ActiveCfg = Release|Any CPU
		{F98D27EB-07EE-40F7-B513-663E581271CD}.Release|Any CPU.Build.0 = Release|Any CPU
		{385B1829-EB92-4999-AE4E-A8602E926CA9}.Debug|Any CPU.ActiveCfg = Debug|Any CPU
		{385B1829-EB92-4999-AE4E-A8602E926CA9}.Debug|Any CPU.Build.0 = Debug|Any CPU
		{385B1829-EB92-4999-AE4E-A8602E926CA9}.Debug|Any CPU.Deploy.0 = Debug|Any CPU
		{385B1829-EB92-4999-AE4E-A8602E926CA9}.Release|Any CPU.ActiveCfg = Release|Any CPU
		{385B1829-EB92-4999-AE4E-A8602E926CA9}.Release|Any CPU.Build.0 = Release|Any CPU
		{385B1829-EB92-4999-AE4E-A8602E926CA9}.Release|Any CPU.Deploy.0 = Release|Any CPU
		{A9729BB8-EB53-46B7-BF67-3958A3A84E81}.Debug|Any CPU.ActiveCfg = Debug|Any CPU
		{A9729BB8-EB53-46B7-BF67-3958A3A84E81}.Debug|Any CPU.Build.0 = Debug|Any CPU
		{A9729BB8-EB53-46B7-BF67-3958A3A84E81}.Release|Any CPU.ActiveCfg = Release|Any CPU
		{A9729BB8-EB53-46B7-BF67-3958A3A84E81}.Release|Any CPU.Build.0 = Release|Any CPU
		{92CE107D-D547-4CBA-9CB2-E3B064E66C94}.Debug|Any CPU.ActiveCfg = Debug|Any CPU
		{92CE107D-D547-4CBA-9CB2-E3B064E66C94}.Debug|Any CPU.Build.0 = Debug|Any CPU
		{92CE107D-D547-4CBA-9CB2-E3B064E66C94}.Release|Any CPU.ActiveCfg = Release|Any CPU
		{92CE107D-D547-4CBA-9CB2-E3B064E66C94}.Release|Any CPU.Build.0 = Release|Any CPU
	EndGlobalSection
	GlobalSection(SolutionProperties) = preSolution
		HideSolutionNode = FALSE
	EndGlobalSection
	GlobalSection(ExtensibilityGlobals) = postSolution
		SolutionGuid = {61F7FB11-1E47-470C-91E2-47F8143E1572}
	EndGlobalSection
EndGlobal
