
Microsoft Visual Studio Solution File, Format Version 12.00
# Visual Studio Version 17
VisualStudioVersion = 17.0.31611.283
MinimumVisualStudioVersion = 10.0.40219.1
Project("{9A19103F-16F7-4668-BE54-9A1E7A4F7556}") = "API", "API\API.csproj", "{8413F1DC-FC1E-40E9-A665-9C930D636FD0}"
EndProject
Project("{9A19103F-16F7-4668-BE54-9A1E7A4F7556}") = "ScraperClient", "ScraperClient\ScraperClient.csproj", "{840AB271-1280-4E1F-BFFA-37AF1AE34043}"
EndProject
Project("{9A19103F-16F7-4668-BE54-9A1E7A4F7556}") = "Common", "Common\Common.csproj", "{47160189-F61E-4952-B07E-BA4280199CC5}"
EndProject
Project("{9A19103F-16F7-4668-BE54-9A1E7A4F7556}") = "ScraperLib", "ScraperLib\ScraperLib.csproj", "{F98D27EB-07EE-40F7-B513-663E581271CD}"
EndProject
Project("{9A19103F-16F7-4668-BE54-9A1E7A4F7556}") = "Client", "Client\Client.csproj", "{385B1829-EB92-4999-AE4E-A8602E926CA9}"
EndProject
Global
	GlobalSection(SolutionConfigurationPlatforms) = preSolution
		Debug|Any CPU = Debug|Any CPU
		Release|Any CPU = Release|Any CPU
	EndGlobalSection
	GlobalSection(ProjectConfigurationPlatforms) = postSolution
		{8413F1DC-FC1E-40E9-A665-9C930D636FD0}.Debug|Any CPU.ActiveCfg = Debug|Any CPU
		{8413F1DC-FC1E-40E9-A665-9C930D636FD0}.Debug|Any CPU.Build.0 = Debug|Any CPU
		{8413F1DC-FC1E-40E9-A665-9C930D636FD0}.Release|Any CPU.ActiveCfg = Release|Any CPU
		{8413F1DC-FC1E-40E9-A665-9C930D636FD0}.Release|Any CPU.Build.0 = Release|Any CPU
		{840AB271-1280-4E1F-BFFA-37AF1AE34043}.Debug|Any CPU.ActiveCfg = Debug|Any CPU
		{840AB271-1280-4E1F-BFFA-37AF1AE34043}.Debug|Any CPU.Build.0 = Debug|Any CPU
		{840AB271-1280-4E1F-BFFA-37AF1AE34043}.Release|Any CPU.ActiveCfg = Release|Any CPU
		{840AB271-1280-4E1F-BFFA-37AF1AE34043}.Release|Any CPU.Build.0 = Release|Any CPU
		{47160189-F61E-4952-B07E-BA4280199CC5}.Debug|Any CPU.ActiveCfg = Debug|Any CPU
		{47160189-F61E-4952-B07E-BA4280199CC5}.Debug|Any CPU.Build.0 = Debug|Any CPU
		{47160189-F61E-4952-B07E-BA4280199CC5}.Release|Any CPU.ActiveCfg = Release|Any CPU
		{47160189-F61E-4952-B07E-BA4280199CC5}.Release|Any CPU.Build.0 = Release|Any CPU
		{F98D27EB-07EE-40F7-B513-663E581271CD}.Debug|Any CPU.ActiveCfg = Debug|Any CPU
		{F98D27EB-07EE-40F7-B513-663E581271CD}.Debug|Any CPU.Build.0 = Debug|Any CPU
		{F98D27EB-07EE-40F7-B513-663E581271CD}.Release|Any CPU.ActiveCfg = Release|Any CPU
		{F98D27EB-07EE-40F7-B513-663E581271CD}.Release|Any CPU.Build.0 = Release|Any CPU
		{385B1829-EB92-4999-AE4E-A8602E926CA9}.Debug|Any CPU.ActiveCfg = Debug|Any CPU
		{385B1829-EB92-4999-AE4E-A8602E926CA9}.Debug|Any CPU.Build.0 = Debug|Any CPU
		{385B1829-EB92-4999-AE4E-A8602E926CA9}.Debug|Any CPU.Deploy.0 = Debug|Any CPU
		{385B1829-EB92-4999-AE4E-A8602E926CA9}.Release|Any CPU.ActiveCfg = Release|Any CPU
		{385B1829-EB92-4999-AE4E-A8602E926CA9}.Release|Any CPU.Build.0 = Release|Any CPU
		{385B1829-EB92-4999-AE4E-A8602E926CA9}.Release|Any CPU.Deploy.0 = Release|Any CPU
	EndGlobalSection
	GlobalSection(SolutionProperties) = preSolution
		HideSolutionNode = FALSE
	EndGlobalSection
	GlobalSection(ExtensibilityGlobals) = postSolution
		SolutionGuid = {61F7FB11-1E47-470C-91E2-47F8143E1572}
	EndGlobalSection
EndGlobal
